# THIS IS AN AUTOGENERATED FILE. DO NOT EDIT THIS FILE DIRECTLY.
# yarn lockfile v1


"@expo-google-fonts/roboto@^0.2.3":
  version "0.2.3"
  resolved "https://registry.yarnpkg.com/@expo-google-fonts/roboto/-/roboto-0.2.3.tgz#c103422a3c8f461aaada33acaf06418f6650dc19"
  integrity sha512-PF6S//ZYWeXfpYTwvY2oEe0d5RnqwR5KMsGjuTgg6y9p/CPK/IkWL+wsbkzjfd+Jck1Q1pRlWOoe5uz42sQFRg==

expo-font@^11.6.0:
  version "11.6.0"
  resolved "https://registry.yarnpkg.com/expo-font/-/expo-font-11.6.0.tgz#7c1c8c82e3b437d54d911808fdf03578763913f3"
  integrity sha512-ekfU0MN7vzJNGwQCJhxnhF2M9Fq/RtVF5xSQpr8+f4ISPimmKfEcArMHKCl4oG3saFVjSRX7fLbo38WOv3z5Mw==
  dependencies:
    fontfaceobserver "^2.1.0"

fontfaceobserver@^2.1.0:
  version "2.3.0"
  resolved "https://registry.yarnpkg.com/fontfaceobserver/-/fontfaceobserver-2.3.0.tgz#5fb392116e75d5024b7ec8e4f2ce92106d1488c8"
  integrity sha512-6FPvD/IVyT4ZlNe7Wcn5Fb/4ChigpucKYSvD6a+0iMoLn2inpo711eyIcKjmDtE5XNcgAkSH9uN/nfAeZzHEfg==
